{
  "name": "renaissance-local-storage",
  "version": "0.1.1",
  "lockfileVersion": 1,
  "requires": true,
  "dependencies": {
    "renaissance": {
      "version": "0.2.1",
      "resolved": "https://registry.npmjs.org/renaissance/-/renaissance-0.2.1.tgz",
      "integrity": "sha1-mqW+f/MFpsTdGRM5Z6ApdNTxUik=",
      "requires": {
        "requirejs": "^2.3.3",
        "requirejs-text": "^2.0.15"
      }
    },
    "requirejs": {
      "version": "2.3.6",
      "resolved": "https://registry.npmjs.org/requirejs/-/requirejs-2.3.6.tgz",
      "integrity": "sha512-ipEzlWQe6RK3jkzikgCupiTbTvm4S0/CAU5GlgptkN5SO6F3u0UD0K18wy6ErDqiCyP4J4YYe1HuAShvsxePLg=="
    },
    "requirejs-text": {
      "version": "2.0.15",
      "resolved": "https://registry.npmjs.org/requirejs-text/-/requirejs-text-2.0.15.tgz",
      "integrity": "sha1-ExOHM2E/xEV7fhJH6Mt1HfeqVCk="
    }
  }
}
