# THIS IS AN AUTOGENERATED FILE. DO NOT EDIT THIS FILE DIRECTLY.
# yarn lockfile v1


renaissance@^0.2.1:
  version "0.2.1"
  resolved "http://npm.addefend.com/renaissance/-/renaissance-0.2.1.tgz#9aa5be7ff305a6c4dd19133967a02974d4f15229"
  dependencies:
    requirejs "^2.3.3"
    requirejs-text "^2.0.15"

requirejs-text@^2.0.15:
  version "2.0.15"
  resolved "http://npm.addefend.com/requirejs-text/-/requirejs-text-2.0.15.tgz#13138733613fc4457b7e1247e8cb751df7aa5429"

requirejs@^2.3.3:
  version "2.3.3"
  resolved "http://npm.addefend.com/requirejs/-/requirejs-2.3.3.tgz#aa59fd3a0287eaf407959a138228044b5dd6a6a3"
